
Microsoft Visual Studio Solution File, Format Version 12.00
# Visual Studio Version 16
VisualStudioVersion = 16.0.30204.135
MinimumVisualStudioVersion = 10.0.40219.1
Project("{FAE04EC0-301F-11D3-BF4B-00C04F79EFBC}") = "ComicBookGallery", "ComicBookGallery\ComicBookGallery.csproj", "{242ECBD1-3CC7-4A69-8069-673D30EC3B5E}"
EndProject
Global
	GlobalSection(SolutionConfigurationPlatforms) = preSolution
		Debug|Any CPU = Debug|Any CPU
		Release|Any CPU = Release|Any CPU
	EndGlobalSection
	GlobalSection(ProjectConfigurationPlatforms) = postSolution
		{242ECBD1-3CC7-4A69-8069-673D30EC3B5E}.Debug|Any CPU.ActiveCfg = Debug|Any CPU
		{242ECBD1-3CC7-4A69-8069-673D30EC3B5E}.Debug|Any CPU.Build.0 = Debug|Any CPU
		{242ECBD1-3CC7-4A69-8069-673D30EC3B5E}.Release|Any CPU.ActiveCfg = Release|Any CPU
		{242ECBD1-3CC7-4A69-8069-673D30EC3B5E}.Release|Any CPU.Build.0 = Release|Any CPU
	EndGlobalSection
	GlobalSection(SolutionProperties) = preSolution
		HideSolutionNode = FALSE
	EndGlobalSection
	GlobalSection(ExtensibilityGlobals) = postSolution
		SolutionGuid = {9489E3FA-0ED8-41FF-9E7A-AD2FB2102F75}
	EndGlobalSection
EndGlobal
